{
  "name": "nodejs",
  "version": "1.0.0",
  "lockfileVersion": 1,
  "requires": true,
  "dependencies": {
    "colorette": {
      "version": "1.0.7",
      "resolved": "https://registry.npmjs.org/colorette/-/colorette-1.0.7.tgz",
      "integrity": "sha512-KeK4klsvAgdODAjFPm6QLzvStizJqlxMBtVo4KQMCgk5tt/tf9rAzxmxLHNRynJg3tJjkKGKbHx3j4HLox27Lw=="
    },
    "loggy": {
      "version": "1.0.4",
      "resolved": "https://registry.npmjs.org/loggy/-/loggy-1.0.4.tgz",
      "integrity": "sha512-cNqUcV6oNLa1kemACNB420Hze4xREnnxfJZ2/EV6aGG6WXW481//DatmJTCyrfEICN0rOLV2NhR/3OFRJcJR7A==",
      "requires": {
        "colorette": "1.0.7",
        "native-notifier": "0.1.3"
      }
    },
    "native-notifier": {
      "version": "0.1.3",
      "resolved": "https://registry.npmjs.org/native-notifier/-/native-notifier-0.1.3.tgz",
      "integrity": "sha512-EbfJX43lulcH5d2Ccqzsez9kmcM87Qqx1JzZIhVuYtegS1fTpDBmQ9mrCvMO3SbG7geIDGz8dK+SYIl6PxeEbQ==",
      "requires": {
        "tag-shell": "0.1.0"
      }
    },
    "tag-shell": {
      "version": "0.1.0",
      "resolved": "https://registry.npmjs.org/tag-shell/-/tag-shell-0.1.0.tgz",
      "integrity": "sha1-50OBbmpugFrDc19BYuAWuXp9370="
    }
  }
}
